
Microsoft Visual Studio Solution File, Format Version 12.00
# Visual Studio 15
VisualStudioVersion = 15.0.28010.2016
MinimumVisualStudioVersion = 10.0.40219.1
Project("{FAE04EC0-301F-11D3-BF4B-00C04F79EFBC}") = "PutridParrot.NUnit", "PutridParrot.NUnit\PutridParrot.NUnit.csproj", "{A02E458F-B53E-4292-984A-05B4BF9D1C28}"
EndProject
Project("{FAE04EC0-301F-11D3-BF4B-00C04F79EFBC}") = "Tests.PutridParrot.NUnit", "Tests.PutridParrot.NUnit\Tests.PutridParrot.NUnit.csproj", "{43566794-A37B-42F3-B0F4-86FF82B56C75}"
EndProject
Global
	GlobalSection(SolutionConfigurationPlatforms) = preSolution
		Debug|Any CPU = Debug|Any CPU
		Release|Any CPU = Release|Any CPU
	EndGlobalSection
	GlobalSection(ProjectConfigurationPlatforms) = postSolution
		{A02E458F-B53E-4292-984A-05B4BF9D1C28}.Debug|Any CPU.ActiveCfg = Debug|Any CPU
		{A02E458F-B53E-4292-984A-05B4BF9D1C28}.Debug|Any CPU.Build.0 = Debug|Any CPU
		{A02E458F-B53E-4292-984A-05B4BF9D1C28}.Release|Any CPU.ActiveCfg = Release|Any CPU
		{A02E458F-B53E-4292-984A-05B4BF9D1C28}.Release|Any CPU.Build.0 = Release|Any CPU
		{43566794-A37B-42F3-B0F4-86FF82B56C75}.Debug|Any CPU.ActiveCfg = Debug|Any CPU
		{43566794-A37B-42F3-B0F4-86FF82B56C75}.Debug|Any CPU.Build.0 = Debug|Any CPU
		{43566794-A37B-42F3-B0F4-86FF82B56C75}.Release|Any CPU.ActiveCfg = Release|Any CPU
		{43566794-A37B-42F3-B0F4-86FF82B56C75}.Release|Any CPU.Build.0 = Release|Any CPU
	EndGlobalSection
	GlobalSection(SolutionProperties) = preSolution
		HideSolutionNode = FALSE
	EndGlobalSection
	GlobalSection(ExtensibilityGlobals) = postSolution
		SolutionGuid = {D167553E-3EF1-4B60-97EA-AFC034DD5DC4}
	EndGlobalSection
EndGlobal
